version = 1
revision = 3
requires-python = "==3.12.*"

[[package]]
name = "generate-exponential-taylor-thresholds"
version = "0"
source = { virtual = "." }
dependencies = [
    { name = "python-flint" },
]

[package.metadata]
requires-dist = [{ name = "python-flint", specifier = ">=0.9.0,<0.10" }]

[[package]]
name = "python-flint"
version = "0.9.0"
source = { registry = "https://pypi.org/simple" }
sdist = { url = "https://files.pythonhosted.org/packages/03/d3/32226210a7703b0cfbe0f5b2c56e38b7b7177d4c69663247d8813352595c/python_flint-0.9.0.tar.gz", hash = "sha256:686b2907eedaf0c0842caefab29a5775d2e633fd5815b81e13b81ca2c6ad0a36", size = 486670, upload-time = "2026-07-03T23:29:23.737Z" }
wheels = [
    { url = "https://files.pythonhosted.org/packages/82/20/42ec7f09155485314f97071e53e576bbf00c03cdfd52b37b8dced83a2baa/python_flint-0.9.0-cp310-abi3-macosx_10_9_x86_64.whl", hash = "sha256:be6f010e4c2dbe8994250e2ca218ff1e301ee143c03e712bab812ff9e6b4fc46", size = 8870927, upload-time = "2026-07-03T23:28:23.197Z" },
    { url = "https://files.pythonhosted.org/packages/41/c3/2323ed921fa08ad2a0935775dddba8502d30bfdc3034920abfdac2138236/python_flint-0.9.0-cp310-abi3-macosx_11_0_arm64.whl", hash = "sha256:025fd4e77f2cbbf40f63b9cd7571aad3803deb57aecd72e7c397480fe84921a0", size = 7882651, upload-time = "2026-07-03T23:28:25.477Z" },
    { url = "https://files.pythonhosted.org/packages/db/3f/5f57004f9f43ac6508f874cc97123f11b27b6811b5bb0d320c43f600f0cb/python_flint-0.9.0-cp310-abi3-manylinux2014_x86_64.manylinux_2_17_x86_64.whl", hash = "sha256:376b88cacd30612479e839ffdba887599d3f9c8c0e214852bf80bb2b194e4d76", size = 10125938, upload-time = "2026-07-03T23:28:27.426Z" },
    { url = "https://files.pythonhosted.org/packages/ee/43/fe3689c62e6e5bd2f511165b3baaa4edfce1db2f2c26d0108a0f753b2c49/python_flint-0.9.0-cp310-abi3-manylinux_2_27_aarch64.manylinux_2_28_aarch64.whl", hash = "sha256:0e681705564a22367def0e026185af43783fd466839493baf7bc21c9e506bf15", size = 10137028, upload-time = "2026-07-03T23:28:29.717Z" },
    { url = "https://files.pythonhosted.org/packages/63/dd/4b49e36612e924707090c569cf5c3daa9ba3c3e3050897715e3136d055af/python_flint-0.9.0-cp310-abi3-win_amd64.whl", hash = "sha256:8f1059536b7393e48b1444894c3b54ce1b961e4aa4a356e19217b26690f20db0", size = 9593474, upload-time = "2026-07-03T23:28:31.729Z" },
    { url = "https://files.pythonhosted.org/packages/a3/0e/bf3ad3be80edf54cb98005e3dd19d9b0a8d3618f841f12b703c819b94282/python_flint-0.9.0-cp310-abi3-win_arm64.whl", hash = "sha256:4d78476bce46d28e3655ac5521c2af29a1928ac320aa7e6ace88ebe46fb136e2", size = 7874815, upload-time = "2026-07-03T23:28:33.696Z" },
]
